
Microsoft Visual Studio Solution File, Format Version 12.00
# Visual Studio Version 17
VisualStudioVersion = 17.5.33502.453
MinimumVisualStudioVersion = 10.0.40219.1
Project("{FAE04EC0-301F-11D3-BF4B-00C04F79EFBC}") = "ShopAPI", "ShopAPI.csproj", "{91DA6D30-55D5-4C18-9BC2-C935F219D254}"
EndProject
Project("{FAE04EC0-301F-11D3-BF4B-00C04F79EFBC}") = "ShopAPI.BL", "..\ShopAPI.BL\ShopAPI.BL.csproj", "{2189F4E6-F34D-4643-8CBD-2EACD1BB63A8}"
EndProject
Project("{FAE04EC0-301F-11D3-BF4B-00C04F79EFBC}") = "ShopAPI.DAL", "..\ShopAPI.DAL\ShopAPI.DAL.csproj", "{346B7CF0-D59D-47D5-9E8F-DE7985829772}"
EndProject
Global
	GlobalSection(SolutionConfigurationPlatforms) = preSolution
		Debug|Any CPU = Debug|Any CPU
		Release|Any CPU = Release|Any CPU
	EndGlobalSection
	GlobalSection(ProjectConfigurationPlatforms) = postSolution
		{91DA6D30-55D5-4C18-9BC2-C935F219D254}.Debug|Any CPU.ActiveCfg = Debug|Any CPU
		{91DA6D30-55D5-4C18-9BC2-C935F219D254}.Debug|Any CPU.Build.0 = Debug|Any CPU
		{91DA6D30-55D5-4C18-9BC2-C935F219D254}.Release|Any CPU.ActiveCfg = Release|Any CPU
		{91DA6D30-55D5-4C18-9BC2-C935F219D254}.Release|Any CPU.Build.0 = Release|Any CPU
		{2189F4E6-F34D-4643-8CBD-2EACD1BB63A8}.Debug|Any CPU.ActiveCfg = Debug|Any CPU
		{2189F4E6-F34D-4643-8CBD-2EACD1BB63A8}.Debug|Any CPU.Build.0 = Debug|Any CPU
		{2189F4E6-F34D-4643-8CBD-2EACD1BB63A8}.Release|Any CPU.ActiveCfg = Release|Any CPU
		{2189F4E6-F34D-4643-8CBD-2EACD1BB63A8}.Release|Any CPU.Build.0 = Release|Any CPU
		{346B7CF0-D59D-47D5-9E8F-DE7985829772}.Debug|Any CPU.ActiveCfg = Debug|Any CPU
		{346B7CF0-D59D-47D5-9E8F-DE7985829772}.Debug|Any CPU.Build.0 = Debug|Any CPU
		{346B7CF0-D59D-47D5-9E8F-DE7985829772}.Release|Any CPU.ActiveCfg = Release|Any CPU
		{346B7CF0-D59D-47D5-9E8F-DE7985829772}.Release|Any CPU.Build.0 = Release|Any CPU
	EndGlobalSection
	GlobalSection(SolutionProperties) = preSolution
		HideSolutionNode = FALSE
	EndGlobalSection
	GlobalSection(ExtensibilityGlobals) = postSolution
		SolutionGuid = {D7DAF5B4-BCBF-4751-B71B-F055857934F9}
	EndGlobalSection
EndGlobal
